Microsoft Visual Studio Solution File, Format Version 11.00
# Visual Studio 2008

Project("{CB37E1BD-9549-36C1-A1E3-80C0FCE960B7}") = "2nd_AI_Coursework", "Assembly-CSharp.csproj", "{D5F5A2D6-CBD6-5DAB-421D-FBE6BB14E1CE}"
EndProject
Global
	GlobalSection(SolutionConfigurationPlatforms) = preSolution
		Debug|Any CPU = Debug|Any CPU
		Release|Any CPU = Release|Any CPU
	EndGlobalSection
	GlobalSection(ProjectConfigurationPlatforms) = postSolution
		{D5F5A2D6-CBD6-5DAB-421D-FBE6BB14E1CE}.Debug|Any CPU.ActiveCfg = Debug|Any CPU
		{D5F5A2D6-CBD6-5DAB-421D-FBE6BB14E1CE}.Debug|Any CPU.Build.0 = Debug|Any CPU
		{D5F5A2D6-CBD6-5DAB-421D-FBE6BB14E1CE}.Release|Any CPU.ActiveCfg = Release|Any CPU
		{D5F5A2D6-CBD6-5DAB-421D-FBE6BB14E1CE}.Release|Any CPU.Build.0 = Release|Any CPU
	EndGlobalSection
	GlobalSection(SolutionProperties) = preSolution
		HideSolutionNode = FALSE
	EndGlobalSection
	GlobalSection(MonoDevelopProperties) = preSolution
		StartupItem = Assembly-CSharp.csproj
	EndGlobalSection
EndGlobal
